
Microsoft Visual Studio Solution File, Format Version 12.00
# Visual Studio Version 17
VisualStudioVersion = 17.4.33205.214
MinimumVisualStudioVersion = 10.0.40219.1
Project("{FAE04EC0-301F-11D3-BF4B-00C04F79EFBC}") = "WinFormsApp3", "WinFormsApp3\WinFormsApp3.csproj", "{B9E5A1B5-0767-412E-B1E4-E7C824A31B5D}"
EndProject
Global
	GlobalSection(SolutionConfigurationPlatforms) = preSolution
		Debug|Any CPU = Debug|Any CPU
		Release|Any CPU = Release|Any CPU
	EndGlobalSection
	GlobalSection(ProjectConfigurationPlatforms) = postSolution
		{B9E5A1B5-0767-412E-B1E4-E7C824A31B5D}.Debug|Any CPU.ActiveCfg = Debug|Any CPU
		{B9E5A1B5-0767-412E-B1E4-E7C824A31B5D}.Debug|Any CPU.Build.0 = Debug|Any CPU
		{B9E5A1B5-0767-412E-B1E4-E7C824A31B5D}.Release|Any CPU.ActiveCfg = Release|Any CPU
		{B9E5A1B5-0767-412E-B1E4-E7C824A31B5D}.Release|Any CPU.Build.0 = Release|Any CPU
	EndGlobalSection
	GlobalSection(SolutionProperties) = preSolution
		HideSolutionNode = FALSE
	EndGlobalSection
	GlobalSection(ExtensibilityGlobals) = postSolution
		SolutionGuid = {0731E399-F842-453B-BE2D-85526947252D}
	EndGlobalSection
EndGlobal
