
Microsoft Visual Studio Solution File, Format Version 12.00
# Visual Studio Version 17
VisualStudioVersion = 17.4.33205.214
MinimumVisualStudioVersion = 10.0.40219.1
Project("{9A19103F-16F7-4668-BE54-9A1E7A4F7556}") = "LinqExample", "LinqExample\LinqExample.csproj", "{BBAF3B0A-AC4B-4CF1-B8B2-0F1EA288E692}"
EndProject
Global
	GlobalSection(SolutionConfigurationPlatforms) = preSolution
		Debug|Any CPU = Debug|Any CPU
		Release|Any CPU = Release|Any CPU
	EndGlobalSection
	GlobalSection(ProjectConfigurationPlatforms) = postSolution
		{BBAF3B0A-AC4B-4CF1-B8B2-0F1EA288E692}.Debug|Any CPU.ActiveCfg = Debug|Any CPU
		{BBAF3B0A-AC4B-4CF1-B8B2-0F1EA288E692}.Debug|Any CPU.Build.0 = Debug|Any CPU
		{BBAF3B0A-AC4B-4CF1-B8B2-0F1EA288E692}.Release|Any CPU.ActiveCfg = Release|Any CPU
		{BBAF3B0A-AC4B-4CF1-B8B2-0F1EA288E692}.Release|Any CPU.Build.0 = Release|Any CPU
	EndGlobalSection
	GlobalSection(SolutionProperties) = preSolution
		HideSolutionNode = FALSE
	EndGlobalSection
	GlobalSection(ExtensibilityGlobals) = postSolution
		SolutionGuid = {58B2E1A4-BD5C-4C06-A19A-2A470B072EB0}
	EndGlobalSection
EndGlobal
