
Microsoft Visual Studio Solution File, Format Version 12.00
# Visual Studio Version 17
VisualStudioVersion = 17.4.33205.214
MinimumVisualStudioVersion = 10.0.40219.1
Project("{FAE04EC0-301F-11D3-BF4B-00C04F79EFBC}") = "WinFormsApp4", "WinFormsApp4\WinFormsApp4.csproj", "{355C61F3-038F-4C6E-A926-EEFAC34B42BE}"
EndProject
Global
	GlobalSection(SolutionConfigurationPlatforms) = preSolution
		Debug|Any CPU = Debug|Any CPU
		Release|Any CPU = Release|Any CPU
	EndGlobalSection
	GlobalSection(ProjectConfigurationPlatforms) = postSolution
		{355C61F3-038F-4C6E-A926-EEFAC34B42BE}.Debug|Any CPU.ActiveCfg = Debug|Any CPU
		{355C61F3-038F-4C6E-A926-EEFAC34B42BE}.Debug|Any CPU.Build.0 = Debug|Any CPU
		{355C61F3-038F-4C6E-A926-EEFAC34B42BE}.Release|Any CPU.ActiveCfg = Release|Any CPU
		{355C61F3-038F-4C6E-A926-EEFAC34B42BE}.Release|Any CPU.Build.0 = Release|Any CPU
	EndGlobalSection
	GlobalSection(SolutionProperties) = preSolution
		HideSolutionNode = FALSE
	EndGlobalSection
	GlobalSection(ExtensibilityGlobals) = postSolution
		SolutionGuid = {D3590787-35CD-4BB3-80A6-0DC735CDA8B1}
	EndGlobalSection
EndGlobal
